
Microsoft Visual Studio Solution File, Format Version 12.00
# Visual Studio Version 16
VisualStudioVersion = 16.0.33801.447
MinimumVisualStudioVersion = 10.0.40219.1
Project("{FAE04EC0-301F-11D3-BF4B-00C04F79EFBC}") = "conversao var", "conversao var\conversao var.csproj", "{C5049D16-CB7A-4C4E-87AC-E11882D5AFAE}"
EndProject
Global
	GlobalSection(SolutionConfigurationPlatforms) = preSolution
		Debug|Any CPU = Debug|Any CPU
		Release|Any CPU = Release|Any CPU
	EndGlobalSection
	GlobalSection(ProjectConfigurationPlatforms) = postSolution
		{C5049D16-CB7A-4C4E-87AC-E11882D5AFAE}.Debug|Any CPU.ActiveCfg = Debug|Any CPU
		{C5049D16-CB7A-4C4E-87AC-E11882D5AFAE}.Debug|Any CPU.Build.0 = Debug|Any CPU
		{C5049D16-CB7A-4C4E-87AC-E11882D5AFAE}.Release|Any CPU.ActiveCfg = Release|Any CPU
		{C5049D16-CB7A-4C4E-87AC-E11882D5AFAE}.Release|Any CPU.Build.0 = Release|Any CPU
	EndGlobalSection
	GlobalSection(SolutionProperties) = preSolution
		HideSolutionNode = FALSE
	EndGlobalSection
	GlobalSection(ExtensibilityGlobals) = postSolution
		SolutionGuid = {EAA6DFD9-3CE0-49CA-A199-6E2DBC23224E}
	EndGlobalSection
EndGlobal
