
Microsoft Visual Studio Solution File, Format Version 12.00
# Visual Studio Version 16
VisualStudioVersion = 16.0.33801.447
MinimumVisualStudioVersion = 10.0.40219.1
Project("{FAE04EC0-301F-11D3-BF4B-00C04F79EFBC}") = "exerc2", "exerc2\exerc2.csproj", "{02DD8127-8923-4F78-8DCD-D35175A5F066}"
EndProject
Global
	GlobalSection(SolutionConfigurationPlatforms) = preSolution
		Debug|Any CPU = Debug|Any CPU
		Release|Any CPU = Release|Any CPU
	EndGlobalSection
	GlobalSection(ProjectConfigurationPlatforms) = postSolution
		{02DD8127-8923-4F78-8DCD-D35175A5F066}.Debug|Any CPU.ActiveCfg = Debug|Any CPU
		{02DD8127-8923-4F78-8DCD-D35175A5F066}.Debug|Any CPU.Build.0 = Debug|Any CPU
		{02DD8127-8923-4F78-8DCD-D35175A5F066}.Release|Any CPU.ActiveCfg = Release|Any CPU
		{02DD8127-8923-4F78-8DCD-D35175A5F066}.Release|Any CPU.Build.0 = Release|Any CPU
	EndGlobalSection
	GlobalSection(SolutionProperties) = preSolution
		HideSolutionNode = FALSE
	EndGlobalSection
	GlobalSection(ExtensibilityGlobals) = postSolution
		SolutionGuid = {A85C9C04-9F55-43EA-A289-45BB283B3DFF}
	EndGlobalSection
EndGlobal
