
Microsoft Visual Studio Solution File, Format Version 12.00
# Visual Studio Version 16
VisualStudioVersion = 16.0.33801.447
MinimumVisualStudioVersion = 10.0.40219.1
Project("{FAE04EC0-301F-11D3-BF4B-00C04F79EFBC}") = "while", "while\while.csproj", "{D00B6D44-362C-4F22-A2C8-0874464FB4FF}"
EndProject
Global
	GlobalSection(SolutionConfigurationPlatforms) = preSolution
		Debug|Any CPU = Debug|Any CPU
		Release|Any CPU = Release|Any CPU
	EndGlobalSection
	GlobalSection(ProjectConfigurationPlatforms) = postSolution
		{D00B6D44-362C-4F22-A2C8-0874464FB4FF}.Debug|Any CPU.ActiveCfg = Debug|Any CPU
		{D00B6D44-362C-4F22-A2C8-0874464FB4FF}.Debug|Any CPU.Build.0 = Debug|Any CPU
		{D00B6D44-362C-4F22-A2C8-0874464FB4FF}.Release|Any CPU.ActiveCfg = Release|Any CPU
		{D00B6D44-362C-4F22-A2C8-0874464FB4FF}.Release|Any CPU.Build.0 = Release|Any CPU
	EndGlobalSection
	GlobalSection(SolutionProperties) = preSolution
		HideSolutionNode = FALSE
	EndGlobalSection
	GlobalSection(ExtensibilityGlobals) = postSolution
		SolutionGuid = {36E6B5B5-397F-4C14-9797-6F29D6CC8A8E}
	EndGlobalSection
EndGlobal
