
Microsoft Visual Studio Solution File, Format Version 12.00
# Visual Studio Version 16
VisualStudioVersion = 16.0.33801.447
MinimumVisualStudioVersion = 10.0.40219.1
Project("{FAE04EC0-301F-11D3-BF4B-00C04F79EFBC}") = "switchcase", "switchcase\switchcase.csproj", "{D5B66D23-E199-4CD1-B4B5-FB24992B4A42}"
EndProject
Global
	GlobalSection(SolutionConfigurationPlatforms) = preSolution
		Debug|Any CPU = Debug|Any CPU
		Release|Any CPU = Release|Any CPU
	EndGlobalSection
	GlobalSection(ProjectConfigurationPlatforms) = postSolution
		{D5B66D23-E199-4CD1-B4B5-FB24992B4A42}.Debug|Any CPU.ActiveCfg = Debug|Any CPU
		{D5B66D23-E199-4CD1-B4B5-FB24992B4A42}.Debug|Any CPU.Build.0 = Debug|Any CPU
		{D5B66D23-E199-4CD1-B4B5-FB24992B4A42}.Release|Any CPU.ActiveCfg = Release|Any CPU
		{D5B66D23-E199-4CD1-B4B5-FB24992B4A42}.Release|Any CPU.Build.0 = Release|Any CPU
	EndGlobalSection
	GlobalSection(SolutionProperties) = preSolution
		HideSolutionNode = FALSE
	EndGlobalSection
	GlobalSection(ExtensibilityGlobals) = postSolution
		SolutionGuid = {38073631-B348-422A-B2B7-82DB5B69461F}
	EndGlobalSection
EndGlobal
