
Microsoft Visual Studio Solution File, Format Version 12.00
# Visual Studio Version 16
VisualStudioVersion = 16.0.33801.447
MinimumVisualStudioVersion = 10.0.40219.1
Project("{FAE04EC0-301F-11D3-BF4B-00C04F79EFBC}") = "continue", "continue\continue.csproj", "{E381B92A-D130-4C6A-9950-48DFBC5275C6}"
EndProject
Global
	GlobalSection(SolutionConfigurationPlatforms) = preSolution
		Debug|Any CPU = Debug|Any CPU
		Release|Any CPU = Release|Any CPU
	EndGlobalSection
	GlobalSection(ProjectConfigurationPlatforms) = postSolution
		{E381B92A-D130-4C6A-9950-48DFBC5275C6}.Debug|Any CPU.ActiveCfg = Debug|Any CPU
		{E381B92A-D130-4C6A-9950-48DFBC5275C6}.Debug|Any CPU.Build.0 = Debug|Any CPU
		{E381B92A-D130-4C6A-9950-48DFBC5275C6}.Release|Any CPU.ActiveCfg = Release|Any CPU
		{E381B92A-D130-4C6A-9950-48DFBC5275C6}.Release|Any CPU.Build.0 = Release|Any CPU
	EndGlobalSection
	GlobalSection(SolutionProperties) = preSolution
		HideSolutionNode = FALSE
	EndGlobalSection
	GlobalSection(ExtensibilityGlobals) = postSolution
		SolutionGuid = {AB832821-C4B8-46CD-A733-ED01B1CA8AFE}
	EndGlobalSection
EndGlobal
