
Microsoft Visual Studio Solution File, Format Version 12.00
# Visual Studio Version 16
VisualStudioVersion = 16.0.33801.447
MinimumVisualStudioVersion = 10.0.40219.1
Project("{FAE04EC0-301F-11D3-BF4B-00C04F79EFBC}") = "exerc6", "exerc6\exerc6.csproj", "{35274B7A-E916-4C9E-B4D6-EB1B26EED3C2}"
EndProject
Global
	GlobalSection(SolutionConfigurationPlatforms) = preSolution
		Debug|Any CPU = Debug|Any CPU
		Release|Any CPU = Release|Any CPU
	EndGlobalSection
	GlobalSection(ProjectConfigurationPlatforms) = postSolution
		{35274B7A-E916-4C9E-B4D6-EB1B26EED3C2}.Debug|Any CPU.ActiveCfg = Debug|Any CPU
		{35274B7A-E916-4C9E-B4D6-EB1B26EED3C2}.Debug|Any CPU.Build.0 = Debug|Any CPU
		{35274B7A-E916-4C9E-B4D6-EB1B26EED3C2}.Release|Any CPU.ActiveCfg = Release|Any CPU
		{35274B7A-E916-4C9E-B4D6-EB1B26EED3C2}.Release|Any CPU.Build.0 = Release|Any CPU
	EndGlobalSection
	GlobalSection(SolutionProperties) = preSolution
		HideSolutionNode = FALSE
	EndGlobalSection
	GlobalSection(ExtensibilityGlobals) = postSolution
		SolutionGuid = {9039D7CC-E1AF-4816-8FEF-38D6A8C7BA25}
	EndGlobalSection
EndGlobal
