
Microsoft Visual Studio Solution File, Format Version 12.00
# Visual Studio Version 16
VisualStudioVersion = 16.0.33801.447
MinimumVisualStudioVersion = 10.0.40219.1
Project("{FAE04EC0-301F-11D3-BF4B-00C04F79EFBC}") = "variaveis", "variaveis\variaveis.csproj", "{E123F731-2F49-4855-BF93-44AFD9FC7CA5}"
EndProject
Project("{FAE04EC0-301F-11D3-BF4B-00C04F79EFBC}") = "conversao var", "..\conversao var\conversao var\conversao var.csproj", "{C5049D16-CB7A-4C4E-87AC-E11882D5AFAE}"
EndProject
Project("{FAE04EC0-301F-11D3-BF4B-00C04F79EFBC}") = "adição", "adição\adição.csproj", "{917BB88D-7687-43E3-B1E4-DB55CAC63F9C}"
EndProject
Global
	GlobalSection(SolutionConfigurationPlatforms) = preSolution
		Debug|Any CPU = Debug|Any CPU
		Release|Any CPU = Release|Any CPU
	EndGlobalSection
	GlobalSection(ProjectConfigurationPlatforms) = postSolution
		{E123F731-2F49-4855-BF93-44AFD9FC7CA5}.Debug|Any CPU.ActiveCfg = Debug|Any CPU
		{E123F731-2F49-4855-BF93-44AFD9FC7CA5}.Debug|Any CPU.Build.0 = Debug|Any CPU
		{E123F731-2F49-4855-BF93-44AFD9FC7CA5}.Release|Any CPU.ActiveCfg = Release|Any CPU
		{E123F731-2F49-4855-BF93-44AFD9FC7CA5}.Release|Any CPU.Build.0 = Release|Any CPU
		{C5049D16-CB7A-4C4E-87AC-E11882D5AFAE}.Debug|Any CPU.ActiveCfg = Debug|Any CPU
		{C5049D16-CB7A-4C4E-87AC-E11882D5AFAE}.Debug|Any CPU.Build.0 = Debug|Any CPU
		{C5049D16-CB7A-4C4E-87AC-E11882D5AFAE}.Release|Any CPU.ActiveCfg = Release|Any CPU
		{C5049D16-CB7A-4C4E-87AC-E11882D5AFAE}.Release|Any CPU.Build.0 = Release|Any CPU
		{917BB88D-7687-43E3-B1E4-DB55CAC63F9C}.Debug|Any CPU.ActiveCfg = Debug|Any CPU
		{917BB88D-7687-43E3-B1E4-DB55CAC63F9C}.Debug|Any CPU.Build.0 = Debug|Any CPU
		{917BB88D-7687-43E3-B1E4-DB55CAC63F9C}.Release|Any CPU.ActiveCfg = Release|Any CPU
		{917BB88D-7687-43E3-B1E4-DB55CAC63F9C}.Release|Any CPU.Build.0 = Release|Any CPU
	EndGlobalSection
	GlobalSection(SolutionProperties) = preSolution
		HideSolutionNode = FALSE
	EndGlobalSection
	GlobalSection(ExtensibilityGlobals) = postSolution
		SolutionGuid = {36795730-A029-47B2-B062-5BC2257551E5}
	EndGlobalSection
EndGlobal
