
Microsoft Visual Studio Solution File, Format Version 12.00
# Visual Studio Version 16
VisualStudioVersion = 16.0.33801.447
MinimumVisualStudioVersion = 10.0.40219.1
Project("{FAE04EC0-301F-11D3-BF4B-00C04F79EFBC}") = "dowhile", "dowhile\dowhile.csproj", "{59F4CC56-0799-442D-A8E1-35CF8B77A2CF}"
EndProject
Global
	GlobalSection(SolutionConfigurationPlatforms) = preSolution
		Debug|Any CPU = Debug|Any CPU
		Release|Any CPU = Release|Any CPU
	EndGlobalSection
	GlobalSection(ProjectConfigurationPlatforms) = postSolution
		{59F4CC56-0799-442D-A8E1-35CF8B77A2CF}.Debug|Any CPU.ActiveCfg = Debug|Any CPU
		{59F4CC56-0799-442D-A8E1-35CF8B77A2CF}.Debug|Any CPU.Build.0 = Debug|Any CPU
		{59F4CC56-0799-442D-A8E1-35CF8B77A2CF}.Release|Any CPU.ActiveCfg = Release|Any CPU
		{59F4CC56-0799-442D-A8E1-35CF8B77A2CF}.Release|Any CPU.Build.0 = Release|Any CPU
	EndGlobalSection
	GlobalSection(SolutionProperties) = preSolution
		HideSolutionNode = FALSE
	EndGlobalSection
	GlobalSection(ExtensibilityGlobals) = postSolution
		SolutionGuid = {66D83F1D-D456-4538-B230-4C698629AFBB}
	EndGlobalSection
EndGlobal
